
Microsoft Visual Studio Solution File, Format Version 12.00
# Visual Studio Version 17
VisualStudioVersion = 17.3.32811.315
MinimumVisualStudioVersion = 10.0.40219.1
Project("{FAE04EC0-301F-11D3-BF4B-00C04F79EFBC}") = "ProgWebIII", "ProgWebIII\ProgWebIII.csproj", "{CF8E3F7A-CD23-403E-9C0E-71DF33E60443}"
EndProject
Project("{FAE04EC0-301F-11D3-BF4B-00C04F79EFBC}") = "CRUD_Clientes", "CRUD_Clientes\CRUD_Clientes.csproj", "{5BF15F4A-E9AC-4A2C-8C14-E35553798FFE}"
EndProject
Global
	GlobalSection(SolutionConfigurationPlatforms) = preSolution
		Debug|Any CPU = Debug|Any CPU
		Release|Any CPU = Release|Any CPU
	EndGlobalSection
	GlobalSection(ProjectConfigurationPlatforms) = postSolution
		{CF8E3F7A-CD23-403E-9C0E-71DF33E60443}.Debug|Any CPU.ActiveCfg = Debug|Any CPU
		{CF8E3F7A-CD23-403E-9C0E-71DF33E60443}.Debug|Any CPU.Build.0 = Debug|Any CPU
		{CF8E3F7A-CD23-403E-9C0E-71DF33E60443}.Release|Any CPU.ActiveCfg = Release|Any CPU
		{CF8E3F7A-CD23-403E-9C0E-71DF33E60443}.Release|Any CPU.Build.0 = Release|Any CPU
		{5BF15F4A-E9AC-4A2C-8C14-E35553798FFE}.Debug|Any CPU.ActiveCfg = Debug|Any CPU
		{5BF15F4A-E9AC-4A2C-8C14-E35553798FFE}.Debug|Any CPU.Build.0 = Debug|Any CPU
		{5BF15F4A-E9AC-4A2C-8C14-E35553798FFE}.Release|Any CPU.ActiveCfg = Release|Any CPU
		{5BF15F4A-E9AC-4A2C-8C14-E35553798FFE}.Release|Any CPU.Build.0 = Release|Any CPU
	EndGlobalSection
	GlobalSection(SolutionProperties) = preSolution
		HideSolutionNode = FALSE
	EndGlobalSection
	GlobalSection(ExtensibilityGlobals) = postSolution
		SolutionGuid = {391D5776-1CEB-43F6-BBF0-F846A5FD8F85}
	EndGlobalSection
EndGlobal
